{
  "name": "get-cov-diff",
  "version": "1.2.0",
  "lockfileVersion": 3,
  "requires": true,
  "packages": {
    "": {
      "name": "get-cov-diff",
      "version": "1.2.0",
      "license": "ISC",
      "dependencies": {
        "radash": "^11.0.0"
      },
      "bin": {
        "get-cov-diff": "get-cov-diff.sh"
      }
    },
    "node_modules/radash": {
      "version": "11.0.0",
      "resolved": "https://registry.npmjs.org/radash/-/radash-11.0.0.tgz",
      "integrity": "sha512-CRWxTFTDff0IELGJ/zz58yY4BDgyI14qSM5OLNKbCItJrff7m7dXbVF0kWYVCXQtPb3SXIVhXvAImH6eT7VLSg==",
      "engines": {
        "node": ">=14.18.0"
      }
    }
  }
}
